{
  "version": 4,
  "terraform_version": "1.9.2",
  "serial": 68,
  "lineage": "b9d7e12a-1c32-df13-e438-9894d29957fe",
  "outputs": {
    "efs_id": {
      "value": "fs-059dd926516a9e253",
      "type": "string"
    },
    "instance_id": {
      "value": "i-0bb0b734712bf98e4",
      "type": "string"
    },
    "s3_bucket_arn": {
      "value": "arn:aws:s3:::netspi-terraform-bucket",
      "type": "string"
    },
    "security_group_id": {
      "value": "sg-077652d69819f9df5",
      "type": "string"
    },
    "subnet_id": {
      "value": "subnet-02b196644480df2db",
      "type": "string"
    },
    "vpc_id": {
      "value": "vpc-0c0c61d9d744cbbed",
      "type": "string"
    }
  },
  "resources": [
    {
      "mode": "data",
      "type": "aws_eip",
      "name": "my_ip",
      "provider": "provider[\"registry.terraform.io/hashicorp/aws\"]",
      "instances": [
        {
          "schema_version": 0,
          "attributes": {
            "arn": "arn:aws:ec2:us-east-1:215428029888:elastic-ip/eipalloc-031b284ba97cb3fa4",
            "association_id": "eipassoc-02968dd74d7f0a242",
            "carrier_ip": "",
            "customer_owned_ip": "",
            "customer_owned_ipv4_pool": "",
            "domain": "vpc",
            "filter": null,
            "id": "eipalloc-031b284ba97cb3fa4",
            "instance_id": "i-0d03fe30c84e52fa2",
            "network_interface_id": "eni-00bac990a5b29da5a",
            "network_interface_owner_id": "215428029888",
            "private_dns": "ip-10-0-1-232.ec2.internal",
            "private_ip": "10.0.1.232",
            "ptr_record": "",
            "public_dns": "ec2-50-16-94-190.compute-1.amazonaws.com",
            "public_ip": "50.16.94.190",
            "public_ipv4_pool": "amazon",
            "tags": {
              "Project": "NetSPI_EIP"
            },
            "timeouts": null
          },
          "sensitive_attributes": []
        }
      ]
    },
    {
      "mode": "managed",
      "type": "aws_efs_file_system",
      "name": "netspi_efs",
      "provider": "provider[\"registry.terraform.io/hashicorp/aws\"]",
      "instances": [
        {
          "schema_version": 0,
          "attributes": {
            "arn": "arn:aws:elasticfilesystem:us-east-1:215428029888:file-system/fs-059dd926516a9e253",
            "availability_zone_id": "",
            "availability_zone_name": "",
            "creation_token": "terraform-20240719113539264900000001",
            "dns_name": "fs-059dd926516a9e253.efs.us-east-1.amazonaws.com",
            "encrypted": false,
            "id": "fs-059dd926516a9e253",
            "kms_key_id": "",
            "lifecycle_policy": [],
            "name": "netspi_efs",
            "number_of_mount_targets": 1,
            "owner_id": "215428029888",
            "performance_mode": "generalPurpose",
            "protection": [
              {
                "replication_overwrite": "ENABLED"
              }
            ],
            "provisioned_throughput_in_mibps": 0,
            "size_in_bytes": [
              {
                "value": 6144,
                "value_in_ia": 0,
                "value_in_standard": 6144
              }
            ],
            "tags": {
              "Name": "netspi_efs"
            },
            "tags_all": {
              "Name": "netspi_efs"
            },
            "throughput_mode": "bursting"
          },
          "sensitive_attributes": [],
          "private": "bnVsbA=="
        }
      ]
    },
    {
      "mode": "managed",
      "type": "aws_efs_mount_target",
      "name": "netspi_efs_tgt",
      "provider": "provider[\"registry.terraform.io/hashicorp/aws\"]",
      "instances": [
        {
          "schema_version": 0,
          "attributes": {
            "availability_zone_id": "use1-az2",
            "availability_zone_name": "us-east-1a",
            "dns_name": "fs-059dd926516a9e253.efs.us-east-1.amazonaws.com",
            "file_system_arn": "arn:aws:elasticfilesystem:us-east-1:215428029888:file-system/fs-059dd926516a9e253",
            "file_system_id": "fs-059dd926516a9e253",
            "id": "fsmt-070fdebdd40e65df9",
            "ip_address": "10.0.1.22",
            "mount_target_dns_name": "us-east-1a.fs-059dd926516a9e253.efs.us-east-1.amazonaws.com",
            "network_interface_id": "eni-0b8e2e2e23f595a12",
            "owner_id": "215428029888",
            "security_groups": [
              "sg-077652d69819f9df5"
            ],
            "subnet_id": "subnet-02b196644480df2db",
            "timeouts": null
          },
          "sensitive_attributes": [],
          "private": "eyJlMmJmYjczMC1lY2FhLTExZTYtOGY4OC0zNDM2M2JjN2M0YzAiOnsiY3JlYXRlIjoxODAwMDAwMDAwMDAwLCJkZWxldGUiOjYwMDAwMDAwMDAwMH19",
          "dependencies": [
            "aws_efs_file_system.netspi_efs",
            "aws_security_group.netspi_sg",
            "aws_subnet.netspi_subnet",
            "aws_vpc.netspi_vpc"
          ]
        }
      ]
    },
    {
      "mode": "managed",
      "type": "aws_eip_association",
      "name": "eip_assoc",
      "provider": "provider[\"registry.terraform.io/hashicorp/aws\"]",
      "instances": [
        {
          "schema_version": 0,
          "attributes": {
            "allocation_id": "eipalloc-031b284ba97cb3fa4",
            "allow_reassociation": null,
            "id": "eipassoc-0158055019cc6985e",
            "instance_id": "i-0bb0b734712bf98e4",
            "network_interface_id": "eni-09cd80687a4d4bc69",
            "private_ip_address": "10.0.1.64",
            "public_ip": "50.16.94.190"
          },
          "sensitive_attributes": [],
          "private": "bnVsbA==",
          "dependencies": [
            "aws_efs_file_system.netspi_efs",
            "aws_iam_instance_profile.ec2_instance_profile",
            "aws_iam_role.ec2_role",
            "aws_instance.netspi_ec2",
            "aws_key_pair.netspi_key_pair",
            "aws_security_group.netspi_sg",
            "aws_subnet.netspi_subnet",
            "aws_vpc.netspi_vpc",
            "data.aws_eip.my_ip",
            "tls_private_key.netspi_tls"
          ]
        }
      ]
    },
    {
      "mode": "managed",
      "type": "aws_iam_instance_profile",
      "name": "ec2_instance_profile",
      "provider": "provider[\"registry.terraform.io/hashicorp/aws\"]",
      "instances": [
        {
          "schema_version": 0,
          "attributes": {
            "arn": "arn:aws:iam::215428029888:instance-profile/ec2_instance_profile",
            "create_date": "2024-07-19T10:56:08Z",
            "id": "ec2_instance_profile",
            "name": "ec2_instance_profile",
            "name_prefix": "",
            "path": "/",
            "role": "ec2_role",
            "tags": {},
            "tags_all": {},
            "unique_id": "AIPATEKEC3XANJ7DWW5UR"
          },
          "sensitive_attributes": [],
          "private": "bnVsbA==",
          "dependencies": [
            "aws_iam_role.ec2_role"
          ]
        }
      ]
    },
    {
      "mode": "managed",
      "type": "aws_iam_role",
      "name": "ec2_role",
      "provider": "provider[\"registry.terraform.io/hashicorp/aws\"]",
      "instances": [
        {
          "schema_version": 0,
          "attributes": {
            "arn": "arn:aws:iam::215428029888:role/ec2_role",
            "assume_role_policy": "{\"Statement\":[{\"Action\":\"sts:AssumeRole\",\"Effect\":\"Allow\",\"Principal\":{\"Service\":\"ec2.amazonaws.com\"}}],\"Version\":\"2012-10-17\"}",
            "create_date": "2024-07-19T10:56:07Z",
            "description": "",
            "force_detach_policies": false,
            "id": "ec2_role",
            "inline_policy": [
              {
                "name": "ec2_policy",
                "policy": "{\"Version\":\"2012-10-17\",\"Statement\":[{\"Action\":[\"s3:ListBucket\",\"s3:GetObject\",\"s3:PutObject\"],\"Effect\":\"Allow\",\"Resource\":[\"arn:aws:s3:::netspi-terraform-bucket\",\"arn:aws:s3:::netspi-terraform-bucket/*\"]}]}"
              }
            ],
            "managed_policy_arns": [],
            "max_session_duration": 3600,
            "name": "ec2_role",
            "name_prefix": "",
            "path": "/",
            "permissions_boundary": "",
            "tags": {
              "Name": "ec2_role"
            },
            "tags_all": {
              "Name": "ec2_role"
            },
            "unique_id": "AROATEKEC3XAAETKWRO2N"
          },
          "sensitive_attributes": [],
          "private": "bnVsbA=="
        }
      ]
    },
    {
      "mode": "managed",
      "type": "aws_iam_role_policy",
      "name": "ec2_policy",
      "provider": "provider[\"registry.terraform.io/hashicorp/aws\"]",
      "instances": [
        {
          "schema_version": 0,
          "attributes": {
            "id": "ec2_role:ec2_policy",
            "name": "ec2_policy",
            "name_prefix": "",
            "policy": "{\"Version\":\"2012-10-17\",\"Statement\":[{\"Action\":[\"s3:ListBucket\",\"s3:GetObject\",\"s3:PutObject\"],\"Effect\":\"Allow\",\"Resource\":[\"arn:aws:s3:::netspi-terraform-bucket\",\"arn:aws:s3:::netspi-terraform-bucket/*\"]}]}",
            "role": "ec2_role"
          },
          "sensitive_attributes": [],
          "private": "bnVsbA==",
          "dependencies": [
            "aws_iam_role.ec2_role"
          ]
        }
      ]
    },
    {
      "mode": "managed",
      "type": "aws_instance",
      "name": "netspi_ec2",
      "provider": "provider[\"registry.terraform.io/hashicorp/aws\"]",
      "instances": [
        {
          "schema_version": 1,
          "attributes": {
            "ami": "ami-01fccab91b456acc2",
            "arn": "arn:aws:ec2:us-east-1:215428029888:instance/i-0bb0b734712bf98e4",
            "associate_public_ip_address": false,
            "availability_zone": "us-east-1a",
            "capacity_reservation_specification": [
              {
                "capacity_reservation_preference": "open",
                "capacity_reservation_target": []
              }
            ],
            "cpu_core_count": 1,
            "cpu_options": [
              {
                "amd_sev_snp": "",
                "core_count": 1,
                "threads_per_core": 1
              }
            ],
            "cpu_threads_per_core": 1,
            "credit_specification": [
              {
                "cpu_credits": "standard"
              }
            ],
            "disable_api_stop": false,
            "disable_api_termination": false,
            "ebs_block_device": [],
            "ebs_optimized": false,
            "enclave_options": [
              {
                "enabled": false
              }
            ],
            "ephemeral_block_device": [],
            "get_password_data": false,
            "hibernation": false,
            "host_id": "",
            "host_resource_group_arn": null,
            "iam_instance_profile": "ec2_instance_profile",
            "id": "i-0bb0b734712bf98e4",
            "instance_initiated_shutdown_behavior": "stop",
            "instance_lifecycle": "",
            "instance_market_options": [],
            "instance_state": "running",
            "instance_type": "t2.micro",
            "ipv6_address_count": 0,
            "ipv6_addresses": [],
            "key_name": "netspi-key-pair",
            "launch_template": [],
            "maintenance_options": [
              {
                "auto_recovery": "default"
              }
            ],
            "metadata_options": [
              {
                "http_endpoint": "enabled",
                "http_protocol_ipv6": "disabled",
                "http_put_response_hop_limit": 1,
                "http_tokens": "optional",
                "instance_metadata_tags": "disabled"
              }
            ],
            "monitoring": false,
            "network_interface": [],
            "outpost_arn": "",
            "password_data": "",
            "placement_group": "",
            "placement_partition_number": 0,
            "primary_network_interface_id": "eni-09cd80687a4d4bc69",
            "private_dns": "ip-10-0-1-64.ec2.internal",
            "private_dns_name_options": [
              {
                "enable_resource_name_dns_a_record": false,
                "enable_resource_name_dns_aaaa_record": false,
                "hostname_type": "ip-name"
              }
            ],
            "private_ip": "10.0.1.64",
            "public_dns": "",
            "public_ip": "",
            "root_block_device": [
              {
                "delete_on_termination": true,
                "device_name": "/dev/xvda",
                "encrypted": false,
                "iops": 100,
                "kms_key_id": "",
                "tags": {},
                "tags_all": {},
                "throughput": 0,
                "volume_id": "vol-0a39faea806182918",
                "volume_size": 8,
                "volume_type": "gp2"
              }
            ],
            "secondary_private_ips": [],
            "security_groups": [
              "sg-077652d69819f9df5"
            ],
            "source_dest_check": true,
            "spot_instance_request_id": "",
            "subnet_id": "subnet-02b196644480df2db",
            "tags": {
              "Name": "netspi_ec2_instance"
            },
            "tags_all": {
              "Name": "netspi_ec2_instance"
            },
            "tenancy": "default",
            "timeouts": null,
            "user_data": "af459f02df390f0c27b39697762f49f14702bac9",
            "user_data_base64": null,
            "user_data_replace_on_change": false,
            "volume_tags": null,
            "vpc_security_group_ids": [
              "sg-077652d69819f9df5"
            ]
          },
          "sensitive_attributes": [],
          "private": "eyJlMmJmYjczMC1lY2FhLTExZTYtOGY4OC0zNDM2M2JjN2M0YzAiOnsiY3JlYXRlIjo2MDAwMDAwMDAwMDAsImRlbGV0ZSI6MTIwMDAwMDAwMDAwMCwicmVhZCI6OTAwMDAwMDAwMDAwLCJ1cGRhdGUiOjYwMDAwMDAwMDAwMH0sInNjaGVtYV92ZXJzaW9uIjoiMSJ9",
          "dependencies": [
            "aws_efs_file_system.netspi_efs",
            "aws_iam_instance_profile.ec2_instance_profile",
            "aws_iam_role.ec2_role",
            "aws_key_pair.netspi_key_pair",
            "aws_security_group.netspi_sg",
            "aws_subnet.netspi_subnet",
            "aws_vpc.netspi_vpc",
            "tls_private_key.netspi_tls"
          ]
        }
      ]
    },
    {
      "mode": "managed",
      "type": "aws_internet_gateway",
      "name": "netspi_gw",
      "provider": "provider[\"registry.terraform.io/hashicorp/aws\"]",
      "instances": [
        {
          "schema_version": 0,
          "attributes": {
            "arn": "arn:aws:ec2:us-east-1:215428029888:internet-gateway/igw-0022fbeda66e9960a",
            "id": "igw-0022fbeda66e9960a",
            "owner_id": "215428029888",
            "tags": {
              "Name": "netspi_igw"
            },
            "tags_all": {
              "Name": "netspi_igw"
            },
            "timeouts": null,
            "vpc_id": "vpc-0c0c61d9d744cbbed"
          },
          "sensitive_attributes": [],
          "private": "eyJlMmJmYjczMC1lY2FhLTExZTYtOGY4OC0zNDM2M2JjN2M0YzAiOnsiY3JlYXRlIjoxMjAwMDAwMDAwMDAwLCJkZWxldGUiOjEyMDAwMDAwMDAwMDAsInVwZGF0ZSI6MTIwMDAwMDAwMDAwMH19",
          "dependencies": [
            "aws_vpc.netspi_vpc"
          ]
        }
      ]
    },
    {
      "mode": "managed",
      "type": "aws_key_pair",
      "name": "netspi_key_pair",
      "provider": "provider[\"registry.terraform.io/hashicorp/aws\"]",
      "instances": [
        {
          "schema_version": 1,
          "attributes": {
            "arn": "arn:aws:ec2:us-east-1:215428029888:key-pair/netspi-key-pair",
            "fingerprint": "59:c8:99:bf:7e:0d:55:0c:b3:0e:c5:63:f6:86:2f:f5",
            "id": "netspi-key-pair",
            "key_name": "netspi-key-pair",
            "key_name_prefix": "",
            "key_pair_id": "key-0d8bde4aa158b3fc3",
            "key_type": "rsa",
            "public_key": "ssh-rsa AAAAB3NzaC1yc2EAAAADAQABAAABAQDdzQBtZzsTSdlvg11gS7uoIxirU5p5Lsy+eaVyImTASAn8yE4EoHQ/IQ7fBmSXSzTlzQUuNaPpWiyxARMDeMkr4eyp6AgfsYPdWHgiISxW5a9G+ZsoH+hHRHHxVslKvmTFheSwMshBV5Aavm5ZOWgM0MzAXDExuRm53lcto18NCMb5/SPseKr78q+vOLr3eiw66I7EohNODZdnjFd6ov0atAlA6oAxM0EBJyLxCbnlq+fgBPLhsjUI2OHpo7oPYTfDLEh6G450Nzm1QCtyqTmZpyF48dHTTeMeR6DQzVz/ZbAxzeE7YG84Dw3AQyENfkIa8Jd8Cr/gO9VelMlpQD7v",
            "tags": {},
            "tags_all": {}
          },
          "sensitive_attributes": [],
          "private": "eyJzY2hlbWFfdmVyc2lvbiI6IjEifQ==",
          "dependencies": [
            "tls_private_key.netspi_tls"
          ]
        }
      ]
    },
    {
      "mode": "managed",
      "type": "aws_route_table",
      "name": "netspi_rt",
      "provider": "provider[\"registry.terraform.io/hashicorp/aws\"]",
      "instances": [
        {
          "schema_version": 0,
          "attributes": {
            "arn": "arn:aws:ec2:us-east-1:215428029888:route-table/rtb-083e4acc42150a532",
            "id": "rtb-083e4acc42150a532",
            "owner_id": "215428029888",
            "propagating_vgws": [],
            "route": [
              {
                "carrier_gateway_id": "",
                "cidr_block": "0.0.0.0/0",
                "core_network_arn": "",
                "destination_prefix_list_id": "",
                "egress_only_gateway_id": "",
                "gateway_id": "igw-0022fbeda66e9960a",
                "ipv6_cidr_block": "",
                "local_gateway_id": "",
                "nat_gateway_id": "",
                "network_interface_id": "",
                "transit_gateway_id": "",
                "vpc_endpoint_id": "",
                "vpc_peering_connection_id": ""
              }
            ],
            "tags": {
              "Name": "netspi_vpc_route_table"
            },
            "tags_all": {
              "Name": "netspi_vpc_route_table"
            },
            "timeouts": null,
            "vpc_id": "vpc-0c0c61d9d744cbbed"
          },
          "sensitive_attributes": [],
          "private": "eyJlMmJmYjczMC1lY2FhLTExZTYtOGY4OC0zNDM2M2JjN2M0YzAiOnsiY3JlYXRlIjozMDAwMDAwMDAwMDAsImRlbGV0ZSI6MzAwMDAwMDAwMDAwLCJ1cGRhdGUiOjEyMDAwMDAwMDAwMH19",
          "dependencies": [
            "aws_internet_gateway.netspi_gw",
            "aws_vpc.netspi_vpc"
          ]
        }
      ]
    },
    {
      "mode": "managed",
      "type": "aws_route_table_association",
      "name": "netspi_rt_assoc",
      "provider": "provider[\"registry.terraform.io/hashicorp/aws\"]",
      "instances": [
        {
          "schema_version": 0,
          "attributes": {
            "gateway_id": "",
            "id": "rtbassoc-0256c55825707679d",
            "route_table_id": "rtb-083e4acc42150a532",
            "subnet_id": "subnet-02b196644480df2db",
            "timeouts": null
          },
          "sensitive_attributes": [],
          "private": "eyJlMmJmYjczMC1lY2FhLTExZTYtOGY4OC0zNDM2M2JjN2M0YzAiOnsiY3JlYXRlIjozMDAwMDAwMDAwMDAsImRlbGV0ZSI6MzAwMDAwMDAwMDAwLCJ1cGRhdGUiOjEyMDAwMDAwMDAwMH19",
          "dependencies": [
            "aws_internet_gateway.netspi_gw",
            "aws_route_table.netspi_rt",
            "aws_subnet.netspi_subnet",
            "aws_vpc.netspi_vpc"
          ]
        }
      ]
    },
    {
      "mode": "managed",
      "type": "aws_s3_bucket",
      "name": "netspi_s3",
      "provider": "provider[\"registry.terraform.io/hashicorp/aws\"]",
      "instances": [
        {
          "schema_version": 0,
          "attributes": {
            "acceleration_status": "",
            "acl": null,
            "arn": "arn:aws:s3:::netspi-terraform-bucket",
            "bucket": "netspi-terraform-bucket",
            "bucket_domain_name": "netspi-terraform-bucket.s3.amazonaws.com",
            "bucket_prefix": "",
            "bucket_regional_domain_name": "netspi-terraform-bucket.s3.us-east-1.amazonaws.com",
            "cors_rule": [],
            "force_destroy": false,
            "grant": [
              {
                "id": "38dea64f06baa08cff1e9ca98ebe9ae4c4e2456277f75c87d2f7afec2cc7c9aa",
                "permissions": [
                  "FULL_CONTROL"
                ],
                "type": "CanonicalUser",
                "uri": ""
              }
            ],
            "hosted_zone_id": "Z3AQBSTGFYJSTF",
            "id": "netspi-terraform-bucket",
            "lifecycle_rule": [],
            "logging": [],
            "object_lock_configuration": [],
            "object_lock_enabled": false,
            "policy": "{\"Statement\":[{\"Action\":\"s3:*\",\"Condition\":{\"Bool\":{\"aws:SecureTransport\":\"false\"}},\"Effect\":\"Deny\",\"Principal\":\"*\",\"Resource\":[\"arn:aws:s3:::netspi-terraform-bucket\",\"arn:aws:s3:::netspi-terraform-bucket/*\"]}],\"Version\":\"2012-10-17\"}",
            "region": "us-east-1",
            "replication_configuration": [],
            "request_payer": "BucketOwner",
            "server_side_encryption_configuration": [
              {
                "rule": [
                  {
                    "apply_server_side_encryption_by_default": [
                      {
                        "kms_master_key_id": "",
                        "sse_algorithm": "AES256"
                      }
                    ],
                    "bucket_key_enabled": false
                  }
                ]
              }
            ],
            "tags": {
              "Name": "netspi_s3_bucket"
            },
            "tags_all": {
              "Name": "netspi_s3_bucket"
            },
            "timeouts": null,
            "versioning": [
              {
                "enabled": false,
                "mfa_delete": false
              }
            ],
            "website": [],
            "website_domain": null,
            "website_endpoint": null
          },
          "sensitive_attributes": [],
          "private": "eyJlMmJmYjczMC1lY2FhLTExZTYtOGY4OC0zNDM2M2JjN2M0YzAiOnsiY3JlYXRlIjoxMjAwMDAwMDAwMDAwLCJkZWxldGUiOjM2MDAwMDAwMDAwMDAsInJlYWQiOjEyMDAwMDAwMDAwMDAsInVwZGF0ZSI6MTIwMDAwMDAwMDAwMH19"
        }
      ]
    },
    {
      "mode": "managed",
      "type": "aws_s3_bucket_acl",
      "name": "acl",
      "provider": "provider[\"registry.terraform.io/hashicorp/aws\"]",
      "instances": [
        {
          "schema_version": 0,
          "attributes": {
            "access_control_policy": [
              {
                "grant": [
                  {
                    "grantee": [
                      {
                        "display_name": "npawar9890",
                        "email_address": "",
                        "id": "38dea64f06baa08cff1e9ca98ebe9ae4c4e2456277f75c87d2f7afec2cc7c9aa",
                        "type": "CanonicalUser",
                        "uri": ""
                      }
                    ],
                    "permission": "FULL_CONTROL"
                  }
                ],
                "owner": [
                  {
                    "display_name": "npawar9890",
                    "id": "38dea64f06baa08cff1e9ca98ebe9ae4c4e2456277f75c87d2f7afec2cc7c9aa"
                  }
                ]
              }
            ],
            "acl": "private",
            "bucket": "netspi-terraform-bucket",
            "expected_bucket_owner": "",
            "id": "netspi-terraform-bucket,private"
          },
          "sensitive_attributes": [],
          "private": "bnVsbA==",
          "dependencies": [
            "aws_s3_bucket.netspi_s3",
            "aws_s3_bucket_ownership_controls.netspi_s3_controls"
          ]
        }
      ]
    },
    {
      "mode": "managed",
      "type": "aws_s3_bucket_ownership_controls",
      "name": "netspi_s3_controls",
      "provider": "provider[\"registry.terraform.io/hashicorp/aws\"]",
      "instances": [
        {
          "schema_version": 0,
          "attributes": {
            "bucket": "netspi-terraform-bucket",
            "id": "netspi-terraform-bucket",
            "rule": [
              {
                "object_ownership": "BucketOwnerPreferred"
              }
            ]
          },
          "sensitive_attributes": [],
          "private": "bnVsbA==",
          "dependencies": [
            "aws_s3_bucket.netspi_s3"
          ]
        }
      ]
    },
    {
      "mode": "managed",
      "type": "aws_s3_bucket_policy",
      "name": "my_bucket_policy",
      "provider": "provider[\"registry.terraform.io/hashicorp/aws\"]",
      "instances": [
        {
          "schema_version": 0,
          "attributes": {
            "bucket": "netspi-terraform-bucket",
            "id": "netspi-terraform-bucket",
            "policy": "{\"Statement\":[{\"Action\":\"s3:*\",\"Condition\":{\"Bool\":{\"aws:SecureTransport\":\"false\"}},\"Effect\":\"Deny\",\"Principal\":\"*\",\"Resource\":[\"arn:aws:s3:::netspi-terraform-bucket\",\"arn:aws:s3:::netspi-terraform-bucket/*\"]}],\"Version\":\"2012-10-17\"}"
          },
          "sensitive_attributes": [],
          "private": "bnVsbA==",
          "dependencies": [
            "aws_s3_bucket.netspi_s3"
          ]
        }
      ]
    },
    {
      "mode": "managed",
      "type": "aws_s3_bucket_public_access_block",
      "name": "my_bucket_public_access_block",
      "provider": "provider[\"registry.terraform.io/hashicorp/aws\"]",
      "instances": [
        {
          "schema_version": 0,
          "attributes": {
            "block_public_acls": true,
            "block_public_policy": true,
            "bucket": "netspi-terraform-bucket",
            "id": "netspi-terraform-bucket",
            "ignore_public_acls": true,
            "restrict_public_buckets": true
          },
          "sensitive_attributes": [],
          "private": "bnVsbA==",
          "dependencies": [
            "aws_s3_bucket.netspi_s3"
          ]
        }
      ]
    },
    {
      "mode": "managed",
      "type": "aws_security_group",
      "name": "netspi_sg",
      "provider": "provider[\"registry.terraform.io/hashicorp/aws\"]",
      "instances": [
        {
          "schema_version": 1,
          "attributes": {
            "arn": "arn:aws:ec2:us-east-1:215428029888:security-group/sg-077652d69819f9df5",
            "description": "Managed by Terraform",
            "egress": [
              {
                "cidr_blocks": [
                  "0.0.0.0/0"
                ],
                "description": "",
                "from_port": 0,
                "ipv6_cidr_blocks": [],
                "prefix_list_ids": [],
                "protocol": "-1",
                "security_groups": [],
                "self": false,
                "to_port": 0
              }
            ],
            "id": "sg-077652d69819f9df5",
            "ingress": [
              {
                "cidr_blocks": [
                  "0.0.0.0/0"
                ],
                "description": "",
                "from_port": 22,
                "ipv6_cidr_blocks": [],
                "prefix_list_ids": [],
                "protocol": "tcp",
                "security_groups": [],
                "self": false,
                "to_port": 22
              }
            ],
            "name": "terraform-20240719120458696600000001",
            "name_prefix": "terraform-",
            "owner_id": "215428029888",
            "revoke_rules_on_delete": false,
            "tags": {
              "Name": "netspi_vpc_security_group"
            },
            "tags_all": {
              "Name": "netspi_vpc_security_group"
            },
            "timeouts": null,
            "vpc_id": "vpc-0c0c61d9d744cbbed"
          },
          "sensitive_attributes": [],
          "private": "eyJlMmJmYjczMC1lY2FhLTExZTYtOGY4OC0zNDM2M2JjN2M0YzAiOnsiY3JlYXRlIjo2MDAwMDAwMDAwMDAsImRlbGV0ZSI6OTAwMDAwMDAwMDAwfSwic2NoZW1hX3ZlcnNpb24iOiIxIn0=",
          "dependencies": [
            "aws_vpc.netspi_vpc"
          ]
        }
      ]
    },
    {
      "mode": "managed",
      "type": "aws_subnet",
      "name": "netspi_subnet",
      "provider": "provider[\"registry.terraform.io/hashicorp/aws\"]",
      "instances": [
        {
          "schema_version": 1,
          "attributes": {
            "arn": "arn:aws:ec2:us-east-1:215428029888:subnet/subnet-02b196644480df2db",
            "assign_ipv6_address_on_creation": false,
            "availability_zone": "us-east-1a",
            "availability_zone_id": "use1-az2",
            "cidr_block": "10.0.1.0/24",
            "customer_owned_ipv4_pool": "",
            "enable_dns64": false,
            "enable_lni_at_device_index": 0,
            "enable_resource_name_dns_a_record_on_launch": false,
            "enable_resource_name_dns_aaaa_record_on_launch": false,
            "id": "subnet-02b196644480df2db",
            "ipv6_cidr_block": "",
            "ipv6_cidr_block_association_id": "",
            "ipv6_native": false,
            "map_customer_owned_ip_on_launch": false,
            "map_public_ip_on_launch": false,
            "outpost_arn": "",
            "owner_id": "215428029888",
            "private_dns_hostname_type_on_launch": "ip-name",
            "tags": {
              "Name": "netspi_subnet"
            },
            "tags_all": {
              "Name": "netspi_subnet"
            },
            "timeouts": null,
            "vpc_id": "vpc-0c0c61d9d744cbbed"
          },
          "sensitive_attributes": [],
          "private": "eyJlMmJmYjczMC1lY2FhLTExZTYtOGY4OC0zNDM2M2JjN2M0YzAiOnsiY3JlYXRlIjo2MDAwMDAwMDAwMDAsImRlbGV0ZSI6MTIwMDAwMDAwMDAwMH0sInNjaGVtYV92ZXJzaW9uIjoiMSJ9",
          "dependencies": [
            "aws_vpc.netspi_vpc"
          ]
        }
      ]
    },
    {
      "mode": "managed",
      "type": "aws_vpc",
      "name": "netspi_vpc",
      "provider": "provider[\"registry.terraform.io/hashicorp/aws\"]",
      "instances": [
        {
          "schema_version": 1,
          "attributes": {
            "arn": "arn:aws:ec2:us-east-1:215428029888:vpc/vpc-0c0c61d9d744cbbed",
            "assign_generated_ipv6_cidr_block": false,
            "cidr_block": "10.0.0.0/16",
            "default_network_acl_id": "acl-0d732a1e88547d52d",
            "default_route_table_id": "rtb-03e4bedb2721ec1df",
            "default_security_group_id": "sg-0c60ed63eb13bedac",
            "dhcp_options_id": "dopt-09b8eb3e013372601",
            "enable_dns_hostnames": true,
            "enable_dns_support": true,
            "enable_network_address_usage_metrics": false,
            "id": "vpc-0c0c61d9d744cbbed",
            "instance_tenancy": "default",
            "ipv4_ipam_pool_id": null,
            "ipv4_netmask_length": null,
            "ipv6_association_id": "",
            "ipv6_cidr_block": "",
            "ipv6_cidr_block_network_border_group": "",
            "ipv6_ipam_pool_id": "",
            "ipv6_netmask_length": 0,
            "main_route_table_id": "rtb-03e4bedb2721ec1df",
            "owner_id": "215428029888",
            "tags": {
              "Name": "netspi_vpc"
            },
            "tags_all": {
              "Name": "netspi_vpc"
            }
          },
          "sensitive_attributes": [],
          "private": "eyJzY2hlbWFfdmVyc2lvbiI6IjEifQ=="
        }
      ]
    },
    {
      "mode": "managed",
      "type": "tls_private_key",
      "name": "netspi_tls",
      "provider": "provider[\"registry.terraform.io/hashicorp/tls\"]",
      "instances": [
        {
          "schema_version": 1,
          "attributes": {
            "algorithm": "RSA",
            "ecdsa_curve": "P224",
            "id": "1bf427e13a517fd190272d6dc4be4f1d7832c991",
            "private_key_openssh": "-----BEGIN OPENSSH PRIVATE KEY-----\nb3BlbnNzaC1rZXktdjEAAAAABG5vbmUAAAAEbm9uZQAAAAAAAAABAAABFwAAAAdz\nc2gtcnNhAAAAAwEAAQAAAQEA3c0AbWc7E0nZb4NdYEu7qCMYq1OaeS7MvnmlciJk\nwEgJ/MhOBKB0PyEO3wZkl0s05c0FLjWj6VossQETA3jJK+HsqegIH7GD3Vh4IiEs\nVuWvRvmbKB/oR0Rx8VbJSr5kxYXksDLIQVeQGr5uWTloDNDMwFwxMbkZud5XLaNf\nDQjG+f0j7Hiq+/Kvrzi693osOuiOxKITTg2XZ4xXeqL9GrQJQOqAMTNBASci8Qm5\n5avn4ATy4bI1CNjh6aO6D2E3wyxIehuOdDc5tUArcqk5machePHR003jHkeg0M1c\n/2WwMc3hO2BvOA8NwEMhDX5CGvCXfAq/4DvVXpTJaUA+7wAAA7hY/LOCWPyzggAA\nAAdzc2gtcnNhAAABAQDdzQBtZzsTSdlvg11gS7uoIxirU5p5Lsy+eaVyImTASAn8\nyE4EoHQ/IQ7fBmSXSzTlzQUuNaPpWiyxARMDeMkr4eyp6AgfsYPdWHgiISxW5a9G\n+ZsoH+hHRHHxVslKvmTFheSwMshBV5Aavm5ZOWgM0MzAXDExuRm53lcto18NCMb5\n/SPseKr78q+vOLr3eiw66I7EohNODZdnjFd6ov0atAlA6oAxM0EBJyLxCbnlq+fg\nBPLhsjUI2OHpo7oPYTfDLEh6G450Nzm1QCtyqTmZpyF48dHTTeMeR6DQzVz/ZbAx\nzeE7YG84Dw3AQyENfkIa8Jd8Cr/gO9VelMlpQD7vAAAAAwEAAQAAAQBmxB4nkoX3\nmObq2QXBoTVQYPqEHxdagImS01AJws/Fm1stSS2EzUcvHMUEJrUiuFDJDKYS0/2f\nGA3O8T17BVLIR0RdMMnazWfYfa4juhUOKht9Ghd+jtITey4D8P8Q54hPUIs17EGG\nrOhyy7rbElMYZQIJOm38qNO3n8HqvmBC6+pcdiY1DQScMa/hBD3d4GukOggeutYF\nPRhPMuc7Tv7wzODRuHbOO1GOIe+1/j3TLCVzknqwp9QP2w7RGyZ55fKyPzJqVTaH\nXL00wpJ6jzvZYW0bxJa2fho4x6C6LEGubLET674K+aq20T91j5+ZuLF8dwmmBHgs\nm/ZnR858dq/BAAAAgFeijgXOkyApG3nHz1E4QY8PUs6D3HdWGqxmEm1lzOSc82aO\n+7f+pcIaFuKc8wQJtlNN2zfPXGXzrl3ZVF4UuIwQGj+w2gHvvRhpi0PaPugZn0Cs\nHJEGADC6FMogS2d7lX5492Lp6UjYV0L96iDdtAMj1OxcD00F2ACwtX4p2ZzDAAAA\ngQDtFh2Cx8l15NWLWh90tSy01Z0DtdMO9PmXgwbn8fioxPG8lUFBXo8JbqSQHyeZ\nlbJi9V7hYaf/qH1H8xnVEUZNVa8OEdKsZyS8D54xI465BOuxELYVAaPAoZS6uZSi\nVNdA8ztpwMwS8aD6UaRZRofpM6Un0hb+T1UvUIqUwUjDoQAAAIEA7363jWwMg3Go\nXerAiqxxhTd33oQUtS64lIqUgZlj2sgzGzPF+RYNgrhkzCH7/kpxwODnQLYVyUv2\neitVFE48Zc9p0KFud+/KOdnfH8Hftg1XHguh5+ht38I2MfX2XzQgWZJ8KMNhr476\nG8WQ4pewROENLrilX60CCkLDmZy3+I8AAAAAAQID\n-----END OPENSSH PRIVATE KEY-----\n",
            "private_key_pem": "-----BEGIN RSA PRIVATE KEY-----\nMIIEogIBAAKCAQEA3c0AbWc7E0nZb4NdYEu7qCMYq1OaeS7MvnmlciJkwEgJ/MhO\nBKB0PyEO3wZkl0s05c0FLjWj6VossQETA3jJK+HsqegIH7GD3Vh4IiEsVuWvRvmb\nKB/oR0Rx8VbJSr5kxYXksDLIQVeQGr5uWTloDNDMwFwxMbkZud5XLaNfDQjG+f0j\n7Hiq+/Kvrzi693osOuiOxKITTg2XZ4xXeqL9GrQJQOqAMTNBASci8Qm55avn4ATy\n4bI1CNjh6aO6D2E3wyxIehuOdDc5tUArcqk5machePHR003jHkeg0M1c/2WwMc3h\nO2BvOA8NwEMhDX5CGvCXfAq/4DvVXpTJaUA+7wIDAQABAoIBAGbEHieShfeY5urZ\nBcGhNVBg+oQfF1qAiZLTUAnCz8WbWy1JLYTNRy8cxQQmtSK4UMkMphLT/Z8YDc7x\nPXsFUshHRF0wydrNZ9h9riO6FQ4qG30aF36O0hN7LgPw/xDniE9QizXsQYas6HLL\nutsSUxhlAgk6bfyo07efweq+YELr6lx2JjUNBJwxr+EEPd3ga6Q6CB661gU9GE8y\n5ztO/vDM4NG4ds47UY4h77X+PdMsJXOSerCn1A/bDtEbJnnl8rI/MmpVNodcvTTC\nknqPO9lhbRvElrZ+GjjHoLosQa5ssRPrvgr5qrbRP3WPn5m4sXx3CaYEeCyb9mdH\nznx2r8ECgYEA7RYdgsfJdeTVi1ofdLUstNWdA7XTDvT5l4MG5/H4qMTxvJVBQV6P\nCW6kkB8nmZWyYvVe4WGn/6h9R/MZ1RFGTVWvDhHSrGckvA+eMSOOuQTrsRC2FQGj\nwKGUurmUolTXQPM7acDMEvGg+lGkWUaH6TOlJ9IW/k9VL1CKlMFIw6ECgYEA7363\njWwMg3GoXerAiqxxhTd33oQUtS64lIqUgZlj2sgzGzPF+RYNgrhkzCH7/kpxwODn\nQLYVyUv2eitVFE48Zc9p0KFud+/KOdnfH8Hftg1XHguh5+ht38I2MfX2XzQgWZJ8\nKMNhr476G8WQ4pewROENLrilX60CCkLDmZy3+I8CgYAoxh/nKQLtwqAzKhm00Z/R\nrdcmFzQoI1t1gjRC2auBIvXMEAM8Ac4puhyVKLZ/xG38dOSPcGMbJdf98sIjkaf8\njtrfWZNY0RhRO4JiQxI9oaoDNrOJ41FNRLy2bEoyrNKkOfCi3GR8cY/U3QudyvJ+\n2cHymkAYFn6492oN8TvZYQKBgAFJTPMVgXuzQJRAjogwJOvyQFKRowrWFWe21tVb\nXY3vRVcAEDAmTixFkUUHabMT80h17MgMMlHCdrBxSyOwx+JEGu1j8JP0VcG5ydkB\n0ZHIwI8IwPXd6bkp8eCS0Z/xR7szbjdJ1Vx8CBveE8kjx26XRtrZYwoAg+JKOYK5\ntMNBAoGAV6KOBc6TICkbecfPUThBjw9SzoPcd1YarGYSbWXM5JzzZo77t/6lwhoW\n4pzzBAm2U03bN89cZfOuXdlUXhS4jBAaP7DaAe+9GGmLQ9o+6BmfQKwckQYAMLoU\nyiBLZ3uVfnj3YunpSNhXQv3qIN20AyPU7FwPTQXYALC1finZnMM=\n-----END RSA PRIVATE KEY-----\n",
            "private_key_pem_pkcs8": "-----BEGIN PRIVATE KEY-----\nMIIEvAIBADANBgkqhkiG9w0BAQEFAASCBKYwggSiAgEAAoIBAQDdzQBtZzsTSdlv\ng11gS7uoIxirU5p5Lsy+eaVyImTASAn8yE4EoHQ/IQ7fBmSXSzTlzQUuNaPpWiyx\nARMDeMkr4eyp6AgfsYPdWHgiISxW5a9G+ZsoH+hHRHHxVslKvmTFheSwMshBV5Aa\nvm5ZOWgM0MzAXDExuRm53lcto18NCMb5/SPseKr78q+vOLr3eiw66I7EohNODZdn\njFd6ov0atAlA6oAxM0EBJyLxCbnlq+fgBPLhsjUI2OHpo7oPYTfDLEh6G450Nzm1\nQCtyqTmZpyF48dHTTeMeR6DQzVz/ZbAxzeE7YG84Dw3AQyENfkIa8Jd8Cr/gO9Ve\nlMlpQD7vAgMBAAECggEAZsQeJ5KF95jm6tkFwaE1UGD6hB8XWoCJktNQCcLPxZtb\nLUkthM1HLxzFBCa1IrhQyQymEtP9nxgNzvE9ewVSyEdEXTDJ2s1n2H2uI7oVDiob\nfRoXfo7SE3suA/D/EOeIT1CLNexBhqzocsu62xJTGGUCCTpt/KjTt5/B6r5gQuvq\nXHYmNQ0EnDGv4QQ93eBrpDoIHrrWBT0YTzLnO07+8Mzg0bh2zjtRjiHvtf490ywl\nc5J6sKfUD9sO0RsmeeXysj8yalU2h1y9NMKSeo872WFtG8SWtn4aOMeguixBrmyx\nE+u+CvmqttE/dY+fmbixfHcJpgR4LJv2Z0fOfHavwQKBgQDtFh2Cx8l15NWLWh90\ntSy01Z0DtdMO9PmXgwbn8fioxPG8lUFBXo8JbqSQHyeZlbJi9V7hYaf/qH1H8xnV\nEUZNVa8OEdKsZyS8D54xI465BOuxELYVAaPAoZS6uZSiVNdA8ztpwMwS8aD6UaRZ\nRofpM6Un0hb+T1UvUIqUwUjDoQKBgQDvfreNbAyDcahd6sCKrHGFN3fehBS1LriU\nipSBmWPayDMbM8X5Fg2CuGTMIfv+SnHA4OdAthXJS/Z6K1UUTjxlz2nQoW5378o5\n2d8fwd+2DVceC6Hn6G3fwjYx9fZfNCBZknwow2GvjvobxZDil7BE4Q0uuKVfrQIK\nQsOZnLf4jwKBgCjGH+cpAu3CoDMqGbTRn9Gt1yYXNCgjW3WCNELZq4Ei9cwQAzwB\nzim6HJUotn/Ebfx05I9wYxsl1/3ywiORp/yO2t9Zk1jRGFE7gmJDEj2hqgM2s4nj\nUU1EvLZsSjKs0qQ58KLcZHxxj9TdC53K8n7ZwfKaQBgWfrj3ag3xO9lhAoGAAUlM\n8xWBe7NAlECOiDAk6/JAUpGjCtYVZ7bW1Vtdje9FVwAQMCZOLEWRRQdpsxPzSHXs\nyAwyUcJ2sHFLI7DH4kQa7WPwk/RVwbnJ2QHRkcjAjwjA9d3puSnx4JLRn/FHuzNu\nN0nVXHwIG94TySPHbpdG2tljCgCD4ko5grm0w0ECgYBXoo4FzpMgKRt5x89ROEGP\nD1LOg9x3VhqsZhJtZczknPNmjvu3/qXCGhbinPMECbZTTds3z1xl865d2VReFLiM\nEBo/sNoB770YaYtD2j7oGZ9ArByRBgAwuhTKIEtne5V+ePdi6elI2FdC/eog3bQD\nI9TsXA9NBdgAsLV+Kdmcww==\n-----END PRIVATE KEY-----\n",
            "public_key_fingerprint_md5": "3e:e2:b6:44:03:87:0b:ea:55:21:3e:17:bf:19:73:44",
            "public_key_fingerprint_sha256": "SHA256:IpzZqP/q08F2tmpzqkb6s4hMG6LSuzOgAhnugqfGEvY",
            "public_key_openssh": "ssh-rsa AAAAB3NzaC1yc2EAAAADAQABAAABAQDdzQBtZzsTSdlvg11gS7uoIxirU5p5Lsy+eaVyImTASAn8yE4EoHQ/IQ7fBmSXSzTlzQUuNaPpWiyxARMDeMkr4eyp6AgfsYPdWHgiISxW5a9G+ZsoH+hHRHHxVslKvmTFheSwMshBV5Aavm5ZOWgM0MzAXDExuRm53lcto18NCMb5/SPseKr78q+vOLr3eiw66I7EohNODZdnjFd6ov0atAlA6oAxM0EBJyLxCbnlq+fgBPLhsjUI2OHpo7oPYTfDLEh6G450Nzm1QCtyqTmZpyF48dHTTeMeR6DQzVz/ZbAxzeE7YG84Dw3AQyENfkIa8Jd8Cr/gO9VelMlpQD7v\n",
            "public_key_pem": "-----BEGIN PUBLIC KEY-----\nMIIBIjANBgkqhkiG9w0BAQEFAAOCAQ8AMIIBCgKCAQEA3c0AbWc7E0nZb4NdYEu7\nqCMYq1OaeS7MvnmlciJkwEgJ/MhOBKB0PyEO3wZkl0s05c0FLjWj6VossQETA3jJ\nK+HsqegIH7GD3Vh4IiEsVuWvRvmbKB/oR0Rx8VbJSr5kxYXksDLIQVeQGr5uWTlo\nDNDMwFwxMbkZud5XLaNfDQjG+f0j7Hiq+/Kvrzi693osOuiOxKITTg2XZ4xXeqL9\nGrQJQOqAMTNBASci8Qm55avn4ATy4bI1CNjh6aO6D2E3wyxIehuOdDc5tUArcqk5\nmachePHR003jHkeg0M1c/2WwMc3hO2BvOA8NwEMhDX5CGvCXfAq/4DvVXpTJaUA+\n7wIDAQAB\n-----END PUBLIC KEY-----\n",
            "rsa_bits": 2048
          },
          "sensitive_attributes": [
            [
              {
                "type": "get_attr",
                "value": "private_key_openssh"
              }
            ],
            [
              {
                "type": "get_attr",
                "value": "private_key_pem"
              }
            ],
            [
              {
                "type": "get_attr",
                "value": "private_key_pem_pkcs8"
              }
            ]
          ]
        }
      ]
    }
  ],
  "check_results": null
}
